
Microsoft Visual Studio Solution File, Format Version 12.00
# Visual Studio Version 16
VisualStudioVersion = 16.0.37027.11
MinimumVisualStudioVersion = 10.0.40219.1
Project("{FAE04EC0-301F-11D3-BF4B-00C04F79EFBC}") = "PACS-Spaceship", "PACS-Spaceship\PACS-Spaceship.csproj", "{A21066D2-F342-40C6-A6FA-39B437DD5DAF}"
EndProject
Project("{FAE04EC0-301F-11D3-BF4B-00C04F79EFBC}") = "Inner_DB_Access", "Inner_DB_Access\Inner_DB_Access.csproj", "{886FE758-4C70-4699-B614-F2287DCC7E48}"
EndProject
Project("{FAE04EC0-301F-11D3-BF4B-00C04F79EFBC}") = "PACS-CustomControls", "..\PACS-Planet\PACS-CustomControls\PACS-CustomControls.csproj", "{5E69E566-0081-4B55-8486-8341A9E082A1}"
EndProject
Project("{FAE04EC0-301F-11D3-BF4B-00C04F79EFBC}") = "PACS-Common", "..\PACS-Planet\PACS-Common\PACS-Common.csproj", "{AE2DFBFD-20FC-4225-9991-62EDAAD6B012}"
EndProject
Project("{FAE04EC0-301F-11D3-BF4B-00C04F79EFBC}") = "PACS-ProcessForms", "PACS-ProcessForms\PACS-ProcessForms.csproj", "{A0DD05F4-F6AE-45E5-B796-8D7E2D50693C}"
EndProject
Global
	GlobalSection(SolutionConfigurationPlatforms) = preSolution
		Debug|Any CPU = Debug|Any CPU
		Release|Any CPU = Release|Any CPU
	EndGlobalSection
	GlobalSection(ProjectConfigurationPlatforms) = postSolution
		{A21066D2-F342-40C6-A6FA-39B437DD5DAF}.Debug|Any CPU.ActiveCfg = Debug|Any CPU
		{A21066D2-F342-40C6-A6FA-39B437DD5DAF}.Debug|Any CPU.Build.0 = Debug|Any CPU
		{A21066D2-F342-40C6-A6FA-39B437DD5DAF}.Release|Any CPU.ActiveCfg = Release|Any CPU
		{A21066D2-F342-40C6-A6FA-39B437DD5DAF}.Release|Any CPU.Build.0 = Release|Any CPU
		{886FE758-4C70-4699-B614-F2287DCC7E48}.Debug|Any CPU.ActiveCfg = Debug|Any CPU
		{886FE758-4C70-4699-B614-F2287DCC7E48}.Debug|Any CPU.Build.0 = Debug|Any CPU
		{886FE758-4C70-4699-B614-F2287DCC7E48}.Release|Any CPU.ActiveCfg = Release|Any CPU
		{886FE758-4C70-4699-B614-F2287DCC7E48}.Release|Any CPU.Build.0 = Release|Any CPU
		{5E69E566-0081-4B55-8486-8341A9E082A1}.Debug|Any CPU.ActiveCfg = Debug|Any CPU
		{5E69E566-0081-4B55-8486-8341A9E082A1}.Debug|Any CPU.Build.0 = Debug|Any CPU
		{5E69E566-0081-4B55-8486-8341A9E082A1}.Release|Any CPU.ActiveCfg = Release|Any CPU
		{5E69E566-0081-4B55-8486-8341A9E082A1}.Release|Any CPU.Build.0 = Release|Any CPU
		{AE2DFBFD-20FC-4225-9991-62EDAAD6B012}.Debug|Any CPU.ActiveCfg = Debug|Any CPU
		{AE2DFBFD-20FC-4225-9991-62EDAAD6B012}.Debug|Any CPU.Build.0 = Debug|Any CPU
		{AE2DFBFD-20FC-4225-9991-62EDAAD6B012}.Release|Any CPU.ActiveCfg = Release|Any CPU
		{AE2DFBFD-20FC-4225-9991-62EDAAD6B012}.Release|Any CPU.Build.0 = Release|Any CPU
		{A0DD05F4-F6AE-45E5-B796-8D7E2D50693C}.Debug|Any CPU.ActiveCfg = Debug|Any CPU
		{A0DD05F4-F6AE-45E5-B796-8D7E2D50693C}.Debug|Any CPU.Build.0 = Debug|Any CPU
		{A0DD05F4-F6AE-45E5-B796-8D7E2D50693C}.Release|Any CPU.ActiveCfg = Release|Any CPU
		{A0DD05F4-F6AE-45E5-B796-8D7E2D50693C}.Release|Any CPU.Build.0 = Release|Any CPU
	EndGlobalSection
	GlobalSection(SolutionProperties) = preSolution
		HideSolutionNode = FALSE
	EndGlobalSection
	GlobalSection(ExtensibilityGlobals) = postSolution
		SolutionGuid = {518AF465-B21B-47D0-9622-C6C9DAB52EDA}
	EndGlobalSection
EndGlobal
