
Microsoft Visual Studio Solution File, Format Version 12.00
# Visual Studio Version 16
VisualStudioVersion = 16.0.37027.11
MinimumVisualStudioVersion = 10.0.40219.1
Project("{FAE04EC0-301F-11D3-BF4B-00C04F79EFBC}") = "PACS-Planet", "PACS-Planet\PACS-Planet.csproj", "{68107F4C-0312-4422-9B36-4E941A5A30A1}"
EndProject
Project("{FAE04EC0-301F-11D3-BF4B-00C04F79EFBC}") = "PACS-Center", "PACS-Center\PACS-Center.csproj", "{DA08766A-DBFB-465B-86CD-360FE7385368}"
Project("{FAE04EC0-301F-11D3-BF4B-00C04F79EFBC}") = "TcpServer", "TcpServer\TcpServer.csproj", "{6AFA8F25-C3B0-4AFE-B506-83C1CFB4D676}"
EndProject
Global
	GlobalSection(SolutionConfigurationPlatforms) = preSolution
		Debug|Any CPU = Debug|Any CPU
		Debug|x64 = Debug|x64
		Debug|x86 = Debug|x86
		Release|Any CPU = Release|Any CPU
		Release|x64 = Release|x64
		Release|x86 = Release|x86
	EndGlobalSection
	GlobalSection(ProjectConfigurationPlatforms) = postSolution
		{68107F4C-0312-4422-9B36-4E941A5A30A1}.Debug|Any CPU.ActiveCfg = Debug|Any CPU
		{68107F4C-0312-4422-9B36-4E941A5A30A1}.Debug|Any CPU.Build.0 = Debug|Any CPU
		{68107F4C-0312-4422-9B36-4E941A5A30A1}.Debug|x64.ActiveCfg = Debug|Any CPU
		{68107F4C-0312-4422-9B36-4E941A5A30A1}.Debug|x64.Build.0 = Debug|Any CPU
		{68107F4C-0312-4422-9B36-4E941A5A30A1}.Debug|x86.ActiveCfg = Debug|Any CPU
		{68107F4C-0312-4422-9B36-4E941A5A30A1}.Debug|x86.Build.0 = Debug|Any CPU
		{68107F4C-0312-4422-9B36-4E941A5A30A1}.Release|Any CPU.ActiveCfg = Release|Any CPU
		{68107F4C-0312-4422-9B36-4E941A5A30A1}.Release|Any CPU.Build.0 = Release|Any CPU
		{DA08766A-DBFB-465B-86CD-360FE7385368}.Debug|Any CPU.ActiveCfg = Debug|Any CPU
		{DA08766A-DBFB-465B-86CD-360FE7385368}.Debug|Any CPU.Build.0 = Debug|Any CPU
		{DA08766A-DBFB-465B-86CD-360FE7385368}.Release|Any CPU.ActiveCfg = Release|Any CPU
		{DA08766A-DBFB-465B-86CD-360FE7385368}.Release|Any CPU.Build.0 = Release|Any CPU
		{68107F4C-0312-4422-9B36-4E941A5A30A1}.Release|x64.ActiveCfg = Release|Any CPU
		{68107F4C-0312-4422-9B36-4E941A5A30A1}.Release|x64.Build.0 = Release|Any CPU
		{68107F4C-0312-4422-9B36-4E941A5A30A1}.Release|x86.ActiveCfg = Release|Any CPU
		{68107F4C-0312-4422-9B36-4E941A5A30A1}.Release|x86.Build.0 = Release|Any CPU
		{6AFA8F25-C3B0-4AFE-B506-83C1CFB4D676}.Debug|Any CPU.ActiveCfg = Debug|Any CPU
		{6AFA8F25-C3B0-4AFE-B506-83C1CFB4D676}.Debug|Any CPU.Build.0 = Debug|Any CPU
		{6AFA8F25-C3B0-4AFE-B506-83C1CFB4D676}.Debug|x64.ActiveCfg = Debug|Any CPU
		{6AFA8F25-C3B0-4AFE-B506-83C1CFB4D676}.Debug|x64.Build.0 = Debug|Any CPU
		{6AFA8F25-C3B0-4AFE-B506-83C1CFB4D676}.Debug|x86.ActiveCfg = Debug|Any CPU
		{6AFA8F25-C3B0-4AFE-B506-83C1CFB4D676}.Debug|x86.Build.0 = Debug|Any CPU
		{6AFA8F25-C3B0-4AFE-B506-83C1CFB4D676}.Release|Any CPU.ActiveCfg = Release|Any CPU
		{6AFA8F25-C3B0-4AFE-B506-83C1CFB4D676}.Release|Any CPU.Build.0 = Release|Any CPU
		{6AFA8F25-C3B0-4AFE-B506-83C1CFB4D676}.Release|x64.ActiveCfg = Release|Any CPU
		{6AFA8F25-C3B0-4AFE-B506-83C1CFB4D676}.Release|x64.Build.0 = Release|Any CPU
		{6AFA8F25-C3B0-4AFE-B506-83C1CFB4D676}.Release|x86.ActiveCfg = Release|Any CPU
		{6AFA8F25-C3B0-4AFE-B506-83C1CFB4D676}.Release|x86.Build.0 = Release|Any CPU
	EndGlobalSection
	GlobalSection(SolutionProperties) = preSolution
		HideSolutionNode = FALSE
	EndGlobalSection
	GlobalSection(ExtensibilityGlobals) = postSolution
		SolutionGuid = {500E0022-0F9F-4DED-AE73-03CD532B35E3}
	EndGlobalSection
EndGlobal
