
Microsoft Visual Studio Solution File, Format Version 12.00
# Visual Studio Version 16
VisualStudioVersion = 16.0.37027.11
MinimumVisualStudioVersion = 10.0.40219.1
Project("{FAE04EC0-301F-11D3-BF4B-00C04F79EFBC}") = "PACS-Planet", "PACS-Planet\PACS-Planet.csproj", "{68107F4C-0312-4422-9B36-4E941A5A30A1}"
EndProject
Project("{FAE04EC0-301F-11D3-BF4B-00C04F79EFBC}") = "PACS-UI", "PACS-UI\PACS-UI.csproj", "{F553BF70-C670-4B47-A179-B027740872EE}"
EndProject
Project("{FAE04EC0-301F-11D3-BF4B-00C04F79EFBC}") = "PACS-InheratedControls", "PACS-InheratedControls\PACS-InheratedControls.csproj", "{F81B6A02-65C6-47CC-8792-693510674D9D}"
EndProject
Project("{FAE04EC0-301F-11D3-BF4B-00C04F79EFBC}") = "PACS-CustomControls", "PACS-CustomControls\PACS-CustomControls.csproj", "{5E69E566-0081-4B55-8486-8341A9E082A1}"
EndProject
Global
	GlobalSection(SolutionConfigurationPlatforms) = preSolution
		Debug|Any CPU = Debug|Any CPU
		Release|Any CPU = Release|Any CPU
	EndGlobalSection
	GlobalSection(ProjectConfigurationPlatforms) = postSolution
		{68107F4C-0312-4422-9B36-4E941A5A30A1}.Debug|Any CPU.ActiveCfg = Debug|Any CPU
		{68107F4C-0312-4422-9B36-4E941A5A30A1}.Debug|Any CPU.Build.0 = Debug|Any CPU
		{68107F4C-0312-4422-9B36-4E941A5A30A1}.Release|Any CPU.ActiveCfg = Release|Any CPU
		{68107F4C-0312-4422-9B36-4E941A5A30A1}.Release|Any CPU.Build.0 = Release|Any CPU
		{F553BF70-C670-4B47-A179-B027740872EE}.Debug|Any CPU.ActiveCfg = Debug|Any CPU
		{F553BF70-C670-4B47-A179-B027740872EE}.Debug|Any CPU.Build.0 = Debug|Any CPU
		{F553BF70-C670-4B47-A179-B027740872EE}.Release|Any CPU.ActiveCfg = Release|Any CPU
		{F553BF70-C670-4B47-A179-B027740872EE}.Release|Any CPU.Build.0 = Release|Any CPU
		{F81B6A02-65C6-47CC-8792-693510674D9D}.Debug|Any CPU.ActiveCfg = Debug|Any CPU
		{F81B6A02-65C6-47CC-8792-693510674D9D}.Debug|Any CPU.Build.0 = Debug|Any CPU
		{F81B6A02-65C6-47CC-8792-693510674D9D}.Release|Any CPU.ActiveCfg = Release|Any CPU
		{F81B6A02-65C6-47CC-8792-693510674D9D}.Release|Any CPU.Build.0 = Release|Any CPU
		{5E69E566-0081-4B55-8486-8341A9E082A1}.Debug|Any CPU.ActiveCfg = Debug|Any CPU
		{5E69E566-0081-4B55-8486-8341A9E082A1}.Debug|Any CPU.Build.0 = Debug|Any CPU
		{5E69E566-0081-4B55-8486-8341A9E082A1}.Release|Any CPU.ActiveCfg = Release|Any CPU
		{5E69E566-0081-4B55-8486-8341A9E082A1}.Release|Any CPU.Build.0 = Release|Any CPU
	EndGlobalSection
	GlobalSection(SolutionProperties) = preSolution
		HideSolutionNode = FALSE
	EndGlobalSection
	GlobalSection(ExtensibilityGlobals) = postSolution
		SolutionGuid = {500E0022-0F9F-4DED-AE73-03CD532B35E3}
	EndGlobalSection
EndGlobal
